// !$*UTF8*$!
{
	archiveVersion = 1;
	classes = {
	};
	objectVersion = 56;
	objects = {

/* Begin PBXBuildFile section */
		022CB9812AEF73D70055CABA /* AppDelegate.swift in Sources */ = {isa = PBXBuildFile; fileRef = 022CB9802AEF73D70055CABA /* AppDelegate.swift */; };
		022CB9832AEF73D70055CABA /* SceneDelegate.swift in Sources */ = {isa = PBXBuildFile; fileRef = 022CB9822AEF73D70055CABA /* SceneDelegate.swift */; };
		022CB98A2AEF73D80055CABA /* Assets.xcassets in Resources */ = {isa = PBXBuildFile; fileRef = 022CB9892AEF73D80055CABA /* Assets.xcassets */; };
		022CB98D2AEF73D80055CABA /* LaunchScreen.storyboard in Resources */ = {isa = PBXBuildFile; fileRef = 022CB98B2AEF73D80055CABA /* LaunchScreen.storyboard */; };
		022CB9952AEF7B260055CABA /* StickerListCVCell.swift in Sources */ = {isa = PBXBuildFile; fileRef = 022CB9942AEF7B260055CABA /* StickerListCVCell.swift */; };
		022CB9972AEF805C0055CABA /* StickerView.swift in Sources */ = {isa = PBXBuildFile; fileRef = 022CB9962AEF805C0055CABA /* StickerView.swift */; };
		023F1A432AF8A68100A16D89 /* CanvasStickerView.swift in Sources */ = {isa = PBXBuildFile; fileRef = 023F1A422AF8A68100A16D89 /* CanvasStickerView.swift */; };
		023F1A452AFA073700A16D89 /* Extension.swift in Sources */ = {isa = PBXBuildFile; fileRef = 023F1A442AFA073700A16D89 /* Extension.swift */; };
		023F1A492AFA3DF300A16D89 /* TextFieldPopupView.swift in Sources */ = {isa = PBXBuildFile; fileRef = 023F1A482AFA3DF300A16D89 /* TextFieldPopupView.swift */; };
		023F1A4B2AFA3E0800A16D89 /* TextFieldPopupVC.swift in Sources */ = {isa = PBXBuildFile; fileRef = 023F1A4A2AFA3E0800A16D89 /* TextFieldPopupVC.swift */; };
		023F1A4D2AFB7BB500A16D89 /* qweasdzxc.ttf in Resources */ = {isa = PBXBuildFile; fileRef = 023F1A4C2AFB7BB500A16D89 /* qweasdzxc.ttf */; };
		023F1A4F2AFB7DC000A16D89 /* haru.ttf in Resources */ = {isa = PBXBuildFile; fileRef = 023F1A4E2AFB7DC000A16D89 /* haru.ttf */; };
		023F1A512AFCB03D00A16D89 /* IconButton.swift in Sources */ = {isa = PBXBuildFile; fileRef = 023F1A502AFCB03D00A16D89 /* IconButton.swift */; };
		027815422AFCC18800E5D551 /* CanvasStickerVC.swift in Sources */ = {isa = PBXBuildFile; fileRef = 027815412AFCC18800E5D551 /* CanvasStickerVC.swift */; };
		027815442AFCC1E900E5D551 /* StickerBaseVC.swift in Sources */ = {isa = PBXBuildFile; fileRef = 027815432AFCC1E900E5D551 /* StickerBaseVC.swift */; };
		027815482AFCC76300E5D551 /* Enum.swift in Sources */ = {isa = PBXBuildFile; fileRef = 027815472AFCC76300E5D551 /* Enum.swift */; };
		0278154A2AFE0AA400E5D551 /* StickerTextModel.swift in Sources */ = {isa = PBXBuildFile; fileRef = 027815492AFE0AA400E5D551 /* StickerTextModel.swift */; };
/* End PBXBuildFile section */

/* Begin PBXFileReference section */
		022CB97D2AEF73D70055CABA /* Sticker.app */ = {isa = PBXFileReference; explicitFileType = wrapper.application; includeInIndex = 0; path = Sticker.app; sourceTree = BUILT_PRODUCTS_DIR; };
		022CB9802AEF73D70055CABA /* AppDelegate.swift */ = {isa = PBXFileReference; lastKnownFileType = sourcecode.swift; path = AppDelegate.swift; sourceTree = "<group>"; };
		022CB9822AEF73D70055CABA /* SceneDelegate.swift */ = {isa = PBXFileReference; lastKnownFileType = sourcecode.swift; path = SceneDelegate.swift; sourceTree = "<group>"; };
		022CB9892AEF73D80055CABA /* Assets.xcassets */ = {isa = PBXFileReference; lastKnownFileType = folder.assetcatalog; path = Assets.xcassets; sourceTree = "<group>"; };
		022CB98C2AEF73D80055CABA /* Base */ = {isa = PBXFileReference; lastKnownFileType = file.storyboard; name = Base; path = Base.lproj/LaunchScreen.storyboard; sourceTree = "<group>"; };
		022CB98E2AEF73D80055CABA /* Info.plist */ = {isa = PBXFileReference; lastKnownFileType = text.plist.xml; path = Info.plist; sourceTree = "<group>"; };
		022CB9942AEF7B260055CABA /* StickerListCVCell.swift */ = {isa = PBXFileReference; lastKnownFileType = sourcecode.swift; path = StickerListCVCell.swift; sourceTree = "<group>"; };
		022CB9962AEF805C0055CABA /* StickerView.swift */ = {isa = PBXFileReference; lastKnownFileType = sourcecode.swift; path = StickerView.swift; sourceTree = "<group>"; };
		023F1A422AF8A68100A16D89 /* CanvasStickerView.swift */ = {isa = PBXFileReference; lastKnownFileType = sourcecode.swift; path = CanvasStickerView.swift; sourceTree = "<group>"; };
		023F1A442AFA073700A16D89 /* Extension.swift */ = {isa = PBXFileReference; lastKnownFileType = sourcecode.swift; path = Extension.swift; sourceTree = "<group>"; };
		023F1A482AFA3DF300A16D89 /* TextFieldPopupView.swift */ = {isa = PBXFileReference; lastKnownFileType = sourcecode.swift; path = TextFieldPopupView.swift; sourceTree = "<group>"; };
		023F1A4A2AFA3E0800A16D89 /* TextFieldPopupVC.swift */ = {isa = PBXFileReference; lastKnownFileType = sourcecode.swift; path = TextFieldPopupVC.swift; sourceTree = "<group>"; };
		023F1A4C2AFB7BB500A16D89 /* qweasdzxc.ttf */ = {isa = PBXFileReference; lastKnownFileType = file; path = qweasdzxc.ttf; sourceTree = "<group>"; };
		023F1A4E2AFB7DC000A16D89 /* haru.ttf */ = {isa = PBXFileReference; lastKnownFileType = file; path = haru.ttf; sourceTree = "<group>"; };
		023F1A502AFCB03D00A16D89 /* IconButton.swift */ = {isa = PBXFileReference; lastKnownFileType = sourcecode.swift; path = IconButton.swift; sourceTree = "<group>"; };
		027815412AFCC18800E5D551 /* CanvasStickerVC.swift */ = {isa = PBXFileReference; fileEncoding = 4; lastKnownFileType = sourcecode.swift; path = CanvasStickerVC.swift; sourceTree = "<group>"; };
		027815432AFCC1E900E5D551 /* StickerBaseVC.swift */ = {isa = PBXFileReference; lastKnownFileType = sourcecode.swift; path = StickerBaseVC.swift; sourceTree = "<group>"; };
		027815472AFCC76300E5D551 /* Enum.swift */ = {isa = PBXFileReference; lastKnownFileType = sourcecode.swift; path = Enum.swift; sourceTree = "<group>"; };
		027815492AFE0AA400E5D551 /* StickerTextModel.swift */ = {isa = PBXFileReference; lastKnownFileType = sourcecode.swift; path = StickerTextModel.swift; sourceTree = "<group>"; };
/* End PBXFileReference section */

/* Begin PBXFrameworksBuildPhase section */
		022CB97A2AEF73D70055CABA /* Frameworks */ = {
			isa = PBXFrameworksBuildPhase;
			buildActionMask = 2147483647;
			files = (
			);
			runOnlyForDeploymentPostprocessing = 0;
		};
/* End PBXFrameworksBuildPhase section */

/* Begin PBXGroup section */
		022CB9742AEF73D70055CABA = {
			isa = PBXGroup;
			children = (
				022CB97F2AEF73D70055CABA /* Sticker */,
				022CB97E2AEF73D70055CABA /* Products */,
			);
			sourceTree = "<group>";
		};
		022CB97E2AEF73D70055CABA /* Products */ = {
			isa = PBXGroup;
			children = (
				022CB97D2AEF73D70055CABA /* Sticker.app */,
			);
			name = Products;
			sourceTree = "<group>";
		};
		022CB97F2AEF73D70055CABA /* Sticker */ = {
			isa = PBXGroup;
			children = (
				023F1A542AFCBEF700A16D89 /* Util */,
				023F1A532AFCBEC700A16D89 /* CanvasStickerVC */,
				023F1A522AFCBEBD00A16D89 /* StickerView */,
				023F1A572AFCBF3700A16D89 /* Support */,
				023F1A562AFCBF1A00A16D89 /* Resource */,
				022CB98E2AEF73D80055CABA /* Info.plist */,
			);
			path = Sticker;
			sourceTree = "<group>";
		};
		023F1A522AFCBEBD00A16D89 /* StickerView */ = {
			isa = PBXGroup;
			children = (
				022CB9962AEF805C0055CABA /* StickerView.swift */,
				027815492AFE0AA400E5D551 /* StickerTextModel.swift */,
			);
			path = StickerView;
			sourceTree = "<group>";
		};
		023F1A532AFCBEC700A16D89 /* CanvasStickerVC */ = {
			isa = PBXGroup;
			children = (
				027815412AFCC18800E5D551 /* CanvasStickerVC.swift */,
				023F1A422AF8A68100A16D89 /* CanvasStickerView.swift */,
				022CB9942AEF7B260055CABA /* StickerListCVCell.swift */,
			);
			path = CanvasStickerVC;
			sourceTree = "<group>";
		};
		023F1A542AFCBEF700A16D89 /* Util */ = {
			isa = PBXGroup;
			children = (
				023F1A442AFA073700A16D89 /* Extension.swift */,
				027815432AFCC1E900E5D551 /* StickerBaseVC.swift */,
				023F1A552AFCBF0000A16D89 /* Custom */,
				027815472AFCC76300E5D551 /* Enum.swift */,
			);
			path = Util;
			sourceTree = "<group>";
		};
		023F1A552AFCBF0000A16D89 /* Custom */ = {
			isa = PBXGroup;
			children = (
				023F1A482AFA3DF300A16D89 /* TextFieldPopupView.swift */,
				023F1A4A2AFA3E0800A16D89 /* TextFieldPopupVC.swift */,
				023F1A502AFCB03D00A16D89 /* IconButton.swift */,
			);
			path = Custom;
			sourceTree = "<group>";
		};
		023F1A562AFCBF1A00A16D89 /* Resource */ = {
			isa = PBXGroup;
			children = (
				022CB9892AEF73D80055CABA /* Assets.xcassets */,
				023F1A4C2AFB7BB500A16D89 /* qweasdzxc.ttf */,
				023F1A4E2AFB7DC000A16D89 /* haru.ttf */,
			);
			path = Resource;
			sourceTree = "<group>";
		};
		023F1A572AFCBF3700A16D89 /* Support */ = {
			isa = PBXGroup;
			children = (
				022CB98B2AEF73D80055CABA /* LaunchScreen.storyboard */,
				022CB9802AEF73D70055CABA /* AppDelegate.swift */,
				022CB9822AEF73D70055CABA /* SceneDelegate.swift */,
			);
			path = Support;
			sourceTree = "<group>";
		};
/* End PBXGroup section */

/* Begin PBXNativeTarget section */
		022CB97C2AEF73D70055CABA /* Sticker */ = {
			isa = PBXNativeTarget;
			buildConfigurationList = 022CB9912AEF73D80055CABA /* Build configuration list for PBXNativeTarget "Sticker" */;
			buildPhases = (
				022CB9792AEF73D70055CABA /* Sources */,
				022CB97A2AEF73D70055CABA /* Frameworks */,
				022CB97B2AEF73D70055CABA /* Resources */,
			);
			buildRules = (
			);
			dependencies = (
			);
			name = Sticker;
			productName = Sticker;
			productReference = 022CB97D2AEF73D70055CABA /* Sticker.app */;
			productType = "com.apple.product-type.application";
		};
/* End PBXNativeTarget section */

/* Begin PBXProject section */
		022CB9752AEF73D70055CABA /* Project object */ = {
			isa = PBXProject;
			attributes = {
				BuildIndependentTargetsInParallel = 1;
				LastSwiftUpdateCheck = 1500;
				LastUpgradeCheck = 1500;
				TargetAttributes = {
					022CB97C2AEF73D70055CABA = {
						CreatedOnToolsVersion = 15.0.1;
					};
				};
			};
			buildConfigurationList = 022CB9782AEF73D70055CABA /* Build configuration list for PBXProject "Sticker" */;
			compatibilityVersion = "Xcode 14.0";
			developmentRegion = en;
			hasScannedForEncodings = 0;
			knownRegions = (
				en,
				Base,
			);
			mainGroup = 022CB9742AEF73D70055CABA;
			productRefGroup = 022CB97E2AEF73D70055CABA /* Products */;
			projectDirPath = "";
			projectRoot = "";
			targets = (
				022CB97C2AEF73D70055CABA /* Sticker */,
			);
		};
/* End PBXProject section */

/* Begin PBXResourcesBuildPhase section */
		022CB97B2AEF73D70055CABA /* Resources */ = {
			isa = PBXResourcesBuildPhase;
			buildActionMask = 2147483647;
			files = (
				023F1A4F2AFB7DC000A16D89 /* haru.ttf in Resources */,
				023F1A4D2AFB7BB500A16D89 /* qweasdzxc.ttf in Resources */,
				022CB98D2AEF73D80055CABA /* LaunchScreen.storyboard in Resources */,
				022CB98A2AEF73D80055CABA /* Assets.xcassets in Resources */,
			);
			runOnlyForDeploymentPostprocessing = 0;
		};
/* End PBXResourcesBuildPhase section */

/* Begin PBXSourcesBuildPhase section */
		022CB9792AEF73D70055CABA /* Sources */ = {
			isa = PBXSourcesBuildPhase;
			buildActionMask = 2147483647;
			files = (
				023F1A4B2AFA3E0800A16D89 /* TextFieldPopupVC.swift in Sources */,
				022CB9952AEF7B260055CABA /* StickerListCVCell.swift in Sources */,
				027815482AFCC76300E5D551 /* Enum.swift in Sources */,
				023F1A432AF8A68100A16D89 /* CanvasStickerView.swift in Sources */,
				023F1A452AFA073700A16D89 /* Extension.swift in Sources */,
				023F1A492AFA3DF300A16D89 /* TextFieldPopupView.swift in Sources */,
				022CB9972AEF805C0055CABA /* StickerView.swift in Sources */,
				027815422AFCC18800E5D551 /* CanvasStickerVC.swift in Sources */,
				022CB9812AEF73D70055CABA /* AppDelegate.swift in Sources */,
				023F1A512AFCB03D00A16D89 /* IconButton.swift in Sources */,
				022CB9832AEF73D70055CABA /* SceneDelegate.swift in Sources */,
				0278154A2AFE0AA400E5D551 /* StickerTextModel.swift in Sources */,
				027815442AFCC1E900E5D551 /* StickerBaseVC.swift in Sources */,
			);
			runOnlyForDeploymentPostprocessing = 0;
		};
/* End PBXSourcesBuildPhase section */

/* Begin PBXVariantGroup section */
		022CB98B2AEF73D80055CABA /* LaunchScreen.storyboard */ = {
			isa = PBXVariantGroup;
			children = (
				022CB98C2AEF73D80055CABA /* Base */,
			);
			name = LaunchScreen.storyboard;
			sourceTree = "<group>";
		};
/* End PBXVariantGroup section */

/* Begin XCBuildConfiguration section */
		022CB98F2AEF73D80055CABA /* Debug */ = {
			isa = XCBuildConfiguration;
			buildSettings = {
				ALWAYS_SEARCH_USER_PATHS = NO;
				ASSETCATALOG_COMPILER_GENERATE_SWIFT_ASSET_SYMBOL_EXTENSIONS = YES;
				CLANG_ANALYZER_NONNULL = YES;
				CLANG_ANALYZER_NUMBER_OBJECT_CONVERSION = YES_AGGRESSIVE;
				CLANG_CXX_LANGUAGE_STANDARD = "gnu++20";
				CLANG_ENABLE_MODULES = YES;
				CLANG_ENABLE_OBJC_ARC = YES;
				CLANG_ENABLE_OBJC_WEAK = YES;
				CLANG_WARN_BLOCK_CAPTURE_AUTORELEASING = YES;
				CLANG_WARN_BOOL_CONVERSION = YES;
				CLANG_WARN_COMMA = YES;
				CLANG_WARN_CONSTANT_CONVERSION = YES;
				CLANG_WARN_DEPRECATED_OBJC_IMPLEMENTATIONS = YES;
				CLANG_WARN_DIRECT_OBJC_ISA_USAGE = YES_ERROR;
				CLANG_WARN_DOCUMENTATION_COMMENTS = YES;
				CLANG_WARN_EMPTY_BODY = YES;
				CLANG_WARN_ENUM_CONVERSION = YES;
				CLANG_WARN_INFINITE_RECURSION = YES;
				CLANG_WARN_INT_CONVERSION = YES;
				CLANG_WARN_NON_LITERAL_NULL_CONVERSION = YES;
				CLANG_WARN_OBJC_IMPLICIT_RETAIN_SELF = YES;
				CLANG_WARN_OBJC_LITERAL_CONVERSION = YES;
				CLANG_WARN_OBJC_ROOT_CLASS = YES_ERROR;
				CLANG_WARN_QUOTED_INCLUDE_IN_FRAMEWORK_HEADER = YES;
				CLANG_WARN_RANGE_LOOP_ANALYSIS = YES;
				CLANG_WARN_STRICT_PROTOTYPES = YES;
				CLANG_WARN_SUSPICIOUS_MOVE = YES;
				CLANG_WARN_UNGUARDED_AVAILABILITY = YES_AGGRESSIVE;
				CLANG_WARN_UNREACHABLE_CODE = YES;
				CLANG_WARN__DUPLICATE_METHOD_MATCH = YES;
				COPY_PHASE_STRIP = NO;
				DEBUG_INFORMATION_FORMAT = dwarf;
				ENABLE_STRICT_OBJC_MSGSEND = YES;
				ENABLE_TESTABILITY = YES;
				ENABLE_USER_SCRIPT_SANDBOXING = YES;
				GCC_C_LANGUAGE_STANDARD = gnu17;
				GCC_DYNAMIC_NO_PIC = NO;
				GCC_NO_COMMON_BLOCKS = YES;
				GCC_OPTIMIZATION_LEVEL = 0;
				GCC_PREPROCESSOR_DEFINITIONS = (
					"DEBUG=1",
					"$(inherited)",
				);
				GCC_WARN_64_TO_32_BIT_CONVERSION = YES;
				GCC_WARN_ABOUT_RETURN_TYPE = YES_ERROR;
				GCC_WARN_UNDECLARED_SELECTOR = YES;
				GCC_WARN_UNINITIALIZED_AUTOS = YES_AGGRESSIVE;
				GCC_WARN_UNUSED_FUNCTION = YES;
				GCC_WARN_UNUSED_VARIABLE = YES;
				IPHONEOS_DEPLOYMENT_TARGET = 14.0;
				LOCALIZATION_PREFERS_STRING_CATALOGS = YES;
				MTL_ENABLE_DEBUG_INFO = INCLUDE_SOURCE;
				MTL_FAST_MATH = YES;
				ONLY_ACTIVE_ARCH = YES;
				SDKROOT = iphoneos;
				SWIFT_ACTIVE_COMPILATION_CONDITIONS = "DEBUG $(inherited)";
				SWIFT_OPTIMIZATION_LEVEL = "-Onone";
			};
			name = Debug;
		};
		022CB9902AEF73D80055CABA /* Release */ = {
			isa = XCBuildConfiguration;
			buildSettings = {
				ALWAYS_SEARCH_USER_PATHS = NO;
				ASSETCATALOG_COMPILER_GENERATE_SWIFT_ASSET_SYMBOL_EXTENSIONS = YES;
				CLANG_ANALYZER_NONNULL = YES;
				CLANG_ANALYZER_NUMBER_OBJECT_CONVERSION = YES_AGGRESSIVE;
				CLANG_CXX_LANGUAGE_STANDARD = "gnu++20";
				CLANG_ENABLE_MODULES = YES;
				CLANG_ENABLE_OBJC_ARC = YES;
				CLANG_ENABLE_OBJC_WEAK = YES;
				CLANG_WARN_BLOCK_CAPTURE_AUTORELEASING = YES;
				CLANG_WARN_BOOL_CONVERSION = YES;
				CLANG_WARN_COMMA = YES;
				CLANG_WARN_CONSTANT_CONVERSION = YES;
				CLANG_WARN_DEPRECATED_OBJC_IMPLEMENTATIONS = YES;
				CLANG_WARN_DIRECT_OBJC_ISA_USAGE = YES_ERROR;
				CLANG_WARN_DOCUMENTATION_COMMENTS = YES;
				CLANG_WARN_EMPTY_BODY = YES;
				CLANG_WARN_ENUM_CONVERSION = YES;
				CLANG_WARN_INFINITE_RECURSION = YES;
				CLANG_WARN_INT_CONVERSION = YES;
				CLANG_WARN_NON_LITERAL_NULL_CONVERSION = YES;
				CLANG_WARN_OBJC_IMPLICIT_RETAIN_SELF = YES;
				CLANG_WARN_OBJC_LITERAL_CONVERSION = YES;
				CLANG_WARN_OBJC_ROOT_CLASS = YES_ERROR;
				CLANG_WARN_QUOTED_INCLUDE_IN_FRAMEWORK_HEADER = YES;
				CLANG_WARN_RANGE_LOOP_ANALYSIS = YES;
				CLANG_WARN_STRICT_PROTOTYPES = YES;
				CLANG_WARN_SUSPICIOUS_MOVE = YES;
				CLANG_WARN_UNGUARDED_AVAILABILITY = YES_AGGRESSIVE;
				CLANG_WARN_UNREACHABLE_CODE = YES;
				CLANG_WARN__DUPLICATE_METHOD_MATCH = YES;
				COPY_PHASE_STRIP = NO;
				DEBUG_INFORMATION_FORMAT = "dwarf-with-dsym";
				ENABLE_NS_ASSERTIONS = NO;
				ENABLE_STRICT_OBJC_MSGSEND = YES;
				ENABLE_USER_SCRIPT_SANDBOXING = YES;
				GCC_C_LANGUAGE_STANDARD = gnu17;
				GCC_NO_COMMON_BLOCKS = YES;
				GCC_WARN_64_TO_32_BIT_CONVERSION = YES;
				GCC_WARN_ABOUT_RETURN_TYPE = YES_ERROR;
				GCC_WARN_UNDECLARED_SELECTOR = YES;
				GCC_WARN_UNINITIALIZED_AUTOS = YES_AGGRESSIVE;
				GCC_WARN_UNUSED_FUNCTION = YES;
				GCC_WARN_UNUSED_VARIABLE = YES;
				IPHONEOS_DEPLOYMENT_TARGET = 14.0;
				LOCALIZATION_PREFERS_STRING_CATALOGS = YES;
				MTL_ENABLE_DEBUG_INFO = NO;
				MTL_FAST_MATH = YES;
				SDKROOT = iphoneos;
				SWIFT_COMPILATION_MODE = wholemodule;
				VALIDATE_PRODUCT = YES;
			};
			name = Release;
		};
		022CB9922AEF73D80055CABA /* Debug */ = {
			isa = XCBuildConfiguration;
			buildSettings = {
				ASSETCATALOG_COMPILER_APPICON_NAME = AppIcon;
				ASSETCATALOG_COMPILER_GLOBAL_ACCENT_COLOR_NAME = AccentColor;
				CODE_SIGN_STYLE = Automatic;
				CURRENT_PROJECT_VERSION = 1;
				DEVELOPMENT_TEAM = 68P2WV4DR3;
				GENERATE_INFOPLIST_FILE = YES;
				INFOPLIST_FILE = Sticker/Info.plist;
				INFOPLIST_KEY_NSPhotoLibraryAddUsageDescription = "Please allow access to save photo in your photo library";
				INFOPLIST_KEY_UIApplicationSupportsIndirectInputEvents = YES;
				INFOPLIST_KEY_UILaunchStoryboardName = LaunchScreen;
				INFOPLIST_KEY_UIMainStoryboardFile = "";
				INFOPLIST_KEY_UISupportedInterfaceOrientations = UIInterfaceOrientationPortrait;
				IPHONEOS_DEPLOYMENT_TARGET = 14.0;
				LD_RUNPATH_SEARCH_PATHS = (
					"$(inherited)",
					"@executable_path/Frameworks",
				);
				MARKETING_VERSION = 1.0;
				PRODUCT_BUNDLE_IDENTIFIER = com.lily.Sticker;
				PRODUCT_NAME = "$(TARGET_NAME)";
				SUPPORTED_PLATFORMS = "iphoneos iphonesimulator";
				SUPPORTS_MACCATALYST = NO;
				SUPPORTS_MAC_DESIGNED_FOR_IPHONE_IPAD = NO;
				SWIFT_EMIT_LOC_STRINGS = YES;
				SWIFT_VERSION = 5.0;
				TARGETED_DEVICE_FAMILY = 1;
			};
			name = Debug;
		};
		022CB9932AEF73D80055CABA /* Release */ = {
			isa = XCBuildConfiguration;
			buildSettings = {
				ASSETCATALOG_COMPILER_APPICON_NAME = AppIcon;
				ASSETCATALOG_COMPILER_GLOBAL_ACCENT_COLOR_NAME = AccentColor;
				CODE_SIGN_STYLE = Automatic;
				CURRENT_PROJECT_VERSION = 1;
				DEVELOPMENT_TEAM = 68P2WV4DR3;
				GENERATE_INFOPLIST_FILE = YES;
				INFOPLIST_FILE = Sticker/Info.plist;
				INFOPLIST_KEY_NSPhotoLibraryAddUsageDescription = "Please allow access to save photo in your photo library";
				INFOPLIST_KEY_UIApplicationSupportsIndirectInputEvents = YES;
				INFOPLIST_KEY_UILaunchStoryboardName = LaunchScreen;
				INFOPLIST_KEY_UIMainStoryboardFile = "";
				INFOPLIST_KEY_UISupportedInterfaceOrientations = UIInterfaceOrientationPortrait;
				IPHONEOS_DEPLOYMENT_TARGET = 14.0;
				LD_RUNPATH_SEARCH_PATHS = (
					"$(inherited)",
					"@executable_path/Frameworks",
				);
				MARKETING_VERSION = 1.0;
				PRODUCT_BUNDLE_IDENTIFIER = com.lily.Sticker;
				PRODUCT_NAME = "$(TARGET_NAME)";
				SUPPORTED_PLATFORMS = "iphoneos iphonesimulator";
				SUPPORTS_MACCATALYST = NO;
				SUPPORTS_MAC_DESIGNED_FOR_IPHONE_IPAD = NO;
				SWIFT_EMIT_LOC_STRINGS = YES;
				SWIFT_VERSION = 5.0;
				TARGETED_DEVICE_FAMILY = 1;
			};
			name = Release;
		};
/* End XCBuildConfiguration section */

/* Begin XCConfigurationList section */
		022CB9782AEF73D70055CABA /* Build configuration list for PBXProject "Sticker" */ = {
			isa = XCConfigurationList;
			buildConfigurations = (
				022CB98F2AEF73D80055CABA /* Debug */,
				022CB9902AEF73D80055CABA /* Release */,
			);
			defaultConfigurationIsVisible = 0;
			defaultConfigurationName = Release;
		};
		022CB9912AEF73D80055CABA /* Build configuration list for PBXNativeTarget "Sticker" */ = {
			isa = XCConfigurationList;
			buildConfigurations = (
				022CB9922AEF73D80055CABA /* Debug */,
				022CB9932AEF73D80055CABA /* Release */,
			);
			defaultConfigurationIsVisible = 0;
			defaultConfigurationName = Release;
		};
/* End XCConfigurationList section */
	};
	rootObject = 022CB9752AEF73D70055CABA /* Project object */;
}
